// !$*UTF8*$!
{
	archiveVersion = 1;
	classes = {
	};
	objectVersion = 50;
	objects = {

/* Begin PBXBuildFile section */
		070ECB9526EBBDC4008CCA64 /* weather.json in Resources */ = {isa = PBXBuildFile; fileRef = 070ECB9426EBBDC4008CCA64 /* weather.json */; };
		56A3587C26A186B80062FF6A /* FixerService.swift in Sources */ = {isa = PBXBuildFile; fileRef = 56A3587B26A186B80062FF6A /* FixerService.swift */; };
		8F2C454526EB4A5F008D4680 /* URLProtocolFake.swift in Sources */ = {isa = PBXBuildFile; fileRef = 8F2C454426EB4A5F008D4680 /* URLProtocolFake.swift */; };
		8F2C454726EB4AD9008D4680 /* FakeResponseData.swift in Sources */ = {isa = PBXBuildFile; fileRef = 8F2C454626EB4AD9008D4680 /* FakeResponseData.swift */; };
		8F2C454926EB4BF1008D4680 /* fixer.json in Resources */ = {isa = PBXBuildFile; fileRef = 8F2C454826EB4BF1008D4680 /* fixer.json */; };
		8F2C454D26EB4DE5008D4680 /* FixerServiceTests.swift in Sources */ = {isa = PBXBuildFile; fileRef = 8F2C454C26EB4DE4008D4680 /* FixerServiceTests.swift */; };
		8F4DA1F026FCD04000F62138 /* URLEncodableTest.swift in Sources */ = {isa = PBXBuildFile; fileRef = 8F4DA1EF26FCD03F00F62138 /* URLEncodableTest.swift */; };
		8F4DA1F226FCD82700F62138 /* UrlServiceFake.swift in Sources */ = {isa = PBXBuildFile; fileRef = 8F4DA1F126FCD82700F62138 /* UrlServiceFake.swift */; };
		8F78075026EB7F6C00F14893 /* translate.json in Resources */ = {isa = PBXBuildFile; fileRef = 8F78074F26EB7F6C00F14893 /* translate.json */; };
		8F78075226EB800200F14893 /* TranslateServiceTests.swift in Sources */ = {isa = PBXBuildFile; fileRef = 8F78075126EB800200F14893 /* TranslateServiceTests.swift */; };
		8F92020E26987AEF002D7E88 /* AppDelegate.swift in Sources */ = {isa = PBXBuildFile; fileRef = 8F92020D26987AEF002D7E88 /* AppDelegate.swift */; };
		8F92021026987AEF002D7E88 /* SceneDelegate.swift in Sources */ = {isa = PBXBuildFile; fileRef = 8F92020F26987AEF002D7E88 /* SceneDelegate.swift */; };
		8F92021526987AEF002D7E88 /* Main.storyboard in Resources */ = {isa = PBXBuildFile; fileRef = 8F92021326987AEF002D7E88 /* Main.storyboard */; };
		8F92021726987AF2002D7E88 /* Assets.xcassets in Resources */ = {isa = PBXBuildFile; fileRef = 8F92021626987AF2002D7E88 /* Assets.xcassets */; };
		8F92021A26987AF2002D7E88 /* LaunchScreen.storyboard in Resources */ = {isa = PBXBuildFile; fileRef = 8F92021826987AF2002D7E88 /* LaunchScreen.storyboard */; };
		8F9202412698915C002D7E88 /* ConvertViewController.swift in Sources */ = {isa = PBXBuildFile; fileRef = 8F9202402698915C002D7E88 /* ConvertViewController.swift */; };
		8F92024426989BB3002D7E88 /* Converter.swift in Sources */ = {isa = PBXBuildFile; fileRef = 8F92024326989BB3002D7E88 /* Converter.swift */; };
		8F9202462698B801002D7E88 /* APIResponse.swift in Sources */ = {isa = PBXBuildFile; fileRef = 8F9202452698B801002D7E88 /* APIResponse.swift */; };
		8F920248269E01EA002D7E88 /* TranslateViewController.swift in Sources */ = {isa = PBXBuildFile; fileRef = 8F920247269E01EA002D7E88 /* TranslateViewController.swift */; };
		8F92024F269E03D7002D7E88 /* CustomButton.swift in Sources */ = {isa = PBXBuildFile; fileRef = 8F92024E269E03D7002D7E88 /* CustomButton.swift */; };
		8F94EB2226E2164E0073ED0A /* WeatherTestCase.swift in Sources */ = {isa = PBXBuildFile; fileRef = 8F94EB2126E2164E0073ED0A /* WeatherTestCase.swift */; };
		8FA0A16526E2188B00A262F2 /* String+Utilities.swift in Sources */ = {isa = PBXBuildFile; fileRef = 8FA0A16426E2188B00A262F2 /* String+Utilities.swift */; };
		8FA0A16926E2312500A262F2 /* WeatherServiceTestCase.swift in Sources */ = {isa = PBXBuildFile; fileRef = 8FA0A16826E2312500A262F2 /* WeatherServiceTestCase.swift */; };
		8FA0A16D26E25B2E00A262F2 /* ConverterTestCase.swift in Sources */ = {isa = PBXBuildFile; fileRef = 8FA0A16C26E25B2E00A262F2 /* ConverterTestCase.swift */; };
		8FA0A17026E27E1800A262F2 /* TranslatertestCase.swift in Sources */ = {isa = PBXBuildFile; fileRef = 8FA0A16F26E27E1800A262F2 /* TranslatertestCase.swift */; };
		8FA9316426B40ED3002149A0 /* NetworkError.swift in Sources */ = {isa = PBXBuildFile; fileRef = 8FA9316326B40ED3002149A0 /* NetworkError.swift */; };
		8FA9316826BBD265002149A0 /* NetworkLogger.swift in Sources */ = {isa = PBXBuildFile; fileRef = 8FA9316726BBD265002149A0 /* NetworkLogger.swift */; };
		8FA9316A26BBD2AA002149A0 /* URLEncodable.swift in Sources */ = {isa = PBXBuildFile; fileRef = 8FA9316926BBD2AA002149A0 /* URLEncodable.swift */; };
		8FA9316D26BBE62F002149A0 /* URLSession+GenericCall.swift in Sources */ = {isa = PBXBuildFile; fileRef = 8FA9316C26BBE62F002149A0 /* URLSession+GenericCall.swift */; };
		8FAA71EF26AAB42B0059693E /* client_863121975061-lh978fe0m7ejtmdktrfikq2280ci73br.apps.googleusercontent.com.plist in Resources */ = {isa = PBXBuildFile; fileRef = 8FAA71EE26AAB42B0059693E /* client_863121975061-lh978fe0m7ejtmdktrfikq2280ci73br.apps.googleusercontent.com.plist */; };
		8FCC2C0326D8B77500B06370 /* TranslateService.swift in Sources */ = {isa = PBXBuildFile; fileRef = 8FCC2C0226D8B77500B06370 /* TranslateService.swift */; };
		8FCC2C0826D8C7D700B06370 /* Translater.swift in Sources */ = {isa = PBXBuildFile; fileRef = 8FCC2C0726D8C7D700B06370 /* Translater.swift */; };
		8FE2775B26E12169004877D2 /* WeatherViewController.swift in Sources */ = {isa = PBXBuildFile; fileRef = 8FE2775A26E12169004877D2 /* WeatherViewController.swift */; };
		8FE2775E26E125EB004877D2 /* Weather.swift in Sources */ = {isa = PBXBuildFile; fileRef = 8FE2775D26E125EB004877D2 /* Weather.swift */; };
		8FE2776026E12600004877D2 /* WeatherService.swift in Sources */ = {isa = PBXBuildFile; fileRef = 8FE2775F26E12600004877D2 /* WeatherService.swift */; };
/* End PBXBuildFile section */

/* Begin PBXContainerItemProxy section */
		8F94EB1C26E2162B0073ED0A /* PBXContainerItemProxy */ = {
			isa = PBXContainerItemProxy;
			containerPortal = 8F92020226987AEF002D7E88 /* Project object */;
			proxyType = 1;
			remoteGlobalIDString = 8F92020926987AEF002D7E88;
			remoteInfo = LeBaluchon;
		};
/* End PBXContainerItemProxy section */

/* Begin PBXFileReference section */
		070ECB9426EBBDC4008CCA64 /* weather.json */ = {isa = PBXFileReference; lastKnownFileType = text.json; path = weather.json; sourceTree = "<group>"; };
		56A3587B26A186B80062FF6A /* FixerService.swift */ = {isa = PBXFileReference; lastKnownFileType = sourcecode.swift; path = FixerService.swift; sourceTree = "<group>"; };
		8F2C454426EB4A5F008D4680 /* URLProtocolFake.swift */ = {isa = PBXFileReference; lastKnownFileType = sourcecode.swift; path = URLProtocolFake.swift; sourceTree = "<group>"; };
		8F2C454626EB4AD9008D4680 /* FakeResponseData.swift */ = {isa = PBXFileReference; lastKnownFileType = sourcecode.swift; path = FakeResponseData.swift; sourceTree = "<group>"; };
		8F2C454826EB4BF1008D4680 /* fixer.json */ = {isa = PBXFileReference; lastKnownFileType = text.json; path = fixer.json; sourceTree = "<group>"; };
		8F2C454C26EB4DE4008D4680 /* FixerServiceTests.swift */ = {isa = PBXFileReference; lastKnownFileType = sourcecode.swift; path = FixerServiceTests.swift; sourceTree = "<group>"; };
		8F4DA1EF26FCD03F00F62138 /* URLEncodableTest.swift */ = {isa = PBXFileReference; lastKnownFileType = sourcecode.swift; path = URLEncodableTest.swift; sourceTree = "<group>"; };
		8F4DA1F126FCD82700F62138 /* UrlServiceFake.swift */ = {isa = PBXFileReference; lastKnownFileType = sourcecode.swift; path = UrlServiceFake.swift; sourceTree = "<group>"; };
		8F78074F26EB7F6C00F14893 /* translate.json */ = {isa = PBXFileReference; lastKnownFileType = text.json; path = translate.json; sourceTree = "<group>"; };
		8F78075126EB800200F14893 /* TranslateServiceTests.swift */ = {isa = PBXFileReference; lastKnownFileType = sourcecode.swift; path = TranslateServiceTests.swift; sourceTree = "<group>"; };
		8F92020A26987AEF002D7E88 /* LeBaluchon.app */ = {isa = PBXFileReference; explicitFileType = wrapper.application; includeInIndex = 0; path = LeBaluchon.app; sourceTree = BUILT_PRODUCTS_DIR; };
		8F92020D26987AEF002D7E88 /* AppDelegate.swift */ = {isa = PBXFileReference; lastKnownFileType = sourcecode.swift; path = AppDelegate.swift; sourceTree = "<group>"; };
		8F92020F26987AEF002D7E88 /* SceneDelegate.swift */ = {isa = PBXFileReference; lastKnownFileType = sourcecode.swift; path = SceneDelegate.swift; sourceTree = "<group>"; };
		8F92021426987AEF002D7E88 /* Base */ = {isa = PBXFileReference; lastKnownFileType = file.storyboard; name = Base; path = Base.lproj/Main.storyboard; sourceTree = "<group>"; };
		8F92021626987AF2002D7E88 /* Assets.xcassets */ = {isa = PBXFileReference; lastKnownFileType = folder.assetcatalog; path = Assets.xcassets; sourceTree = "<group>"; };
		8F92021926987AF2002D7E88 /* Base */ = {isa = PBXFileReference; lastKnownFileType = file.storyboard; name = Base; path = Base.lproj/LaunchScreen.storyboard; sourceTree = "<group>"; };
		8F92021B26987AF2002D7E88 /* Info.plist */ = {isa = PBXFileReference; lastKnownFileType = text.plist.xml; path = Info.plist; sourceTree = "<group>"; };
		8F9202402698915C002D7E88 /* ConvertViewController.swift */ = {isa = PBXFileReference; lastKnownFileType = sourcecode.swift; path = ConvertViewController.swift; sourceTree = "<group>"; };
		8F92024326989BB3002D7E88 /* Converter.swift */ = {isa = PBXFileReference; lastKnownFileType = sourcecode.swift; path = Converter.swift; sourceTree = "<group>"; };
		8F9202452698B801002D7E88 /* APIResponse.swift */ = {isa = PBXFileReference; lastKnownFileType = sourcecode.swift; path = APIResponse.swift; sourceTree = "<group>"; };
		8F920247269E01EA002D7E88 /* TranslateViewController.swift */ = {isa = PBXFileReference; lastKnownFileType = sourcecode.swift; path = TranslateViewController.swift; sourceTree = "<group>"; };
		8F92024E269E03D7002D7E88 /* CustomButton.swift */ = {isa = PBXFileReference; lastKnownFileType = sourcecode.swift; path = CustomButton.swift; sourceTree = "<group>"; };
		8F94EB1726E2162B0073ED0A /* LeBaluchonTests.xctest */ = {isa = PBXFileReference; explicitFileType = wrapper.cfbundle; includeInIndex = 0; path = LeBaluchonTests.xctest; sourceTree = BUILT_PRODUCTS_DIR; };
		8F94EB1B26E2162B0073ED0A /* Info.plist */ = {isa = PBXFileReference; lastKnownFileType = text.plist.xml; path = Info.plist; sourceTree = "<group>"; };
		8F94EB2126E2164E0073ED0A /* WeatherTestCase.swift */ = {isa = PBXFileReference; lastKnownFileType = sourcecode.swift; path = WeatherTestCase.swift; sourceTree = "<group>"; };
		8FA0A16426E2188B00A262F2 /* String+Utilities.swift */ = {isa = PBXFileReference; lastKnownFileType = sourcecode.swift; path = "String+Utilities.swift"; sourceTree = "<group>"; };
		8FA0A16826E2312500A262F2 /* WeatherServiceTestCase.swift */ = {isa = PBXFileReference; lastKnownFileType = sourcecode.swift; path = WeatherServiceTestCase.swift; sourceTree = "<group>"; };
		8FA0A16C26E25B2E00A262F2 /* ConverterTestCase.swift */ = {isa = PBXFileReference; lastKnownFileType = sourcecode.swift; path = ConverterTestCase.swift; sourceTree = "<group>"; };
		8FA0A16F26E27E1800A262F2 /* TranslatertestCase.swift */ = {isa = PBXFileReference; lastKnownFileType = sourcecode.swift; path = TranslatertestCase.swift; sourceTree = "<group>"; };
		8FA9316326B40ED3002149A0 /* NetworkError.swift */ = {isa = PBXFileReference; lastKnownFileType = sourcecode.swift; path = NetworkError.swift; sourceTree = "<group>"; };
		8FA9316726BBD265002149A0 /* NetworkLogger.swift */ = {isa = PBXFileReference; lastKnownFileType = sourcecode.swift; path = NetworkLogger.swift; sourceTree = "<group>"; };
		8FA9316926BBD2AA002149A0 /* URLEncodable.swift */ = {isa = PBXFileReference; lastKnownFileType = sourcecode.swift; path = URLEncodable.swift; sourceTree = "<group>"; };
		8FA9316C26BBE62F002149A0 /* URLSession+GenericCall.swift */ = {isa = PBXFileReference; lastKnownFileType = sourcecode.swift; path = "URLSession+GenericCall.swift"; sourceTree = "<group>"; };
		8FAA71EE26AAB42B0059693E /* client_863121975061-lh978fe0m7ejtmdktrfikq2280ci73br.apps.googleusercontent.com.plist */ = {isa = PBXFileReference; fileEncoding = 4; lastKnownFileType = text.plist.xml; path = "client_863121975061-lh978fe0m7ejtmdktrfikq2280ci73br.apps.googleusercontent.com.plist"; sourceTree = "<group>"; };
		8FCC2C0226D8B77500B06370 /* TranslateService.swift */ = {isa = PBXFileReference; lastKnownFileType = sourcecode.swift; path = TranslateService.swift; sourceTree = "<group>"; };
		8FCC2C0726D8C7D700B06370 /* Translater.swift */ = {isa = PBXFileReference; lastKnownFileType = sourcecode.swift; path = Translater.swift; sourceTree = "<group>"; };
		8FE2775A26E12169004877D2 /* WeatherViewController.swift */ = {isa = PBXFileReference; lastKnownFileType = sourcecode.swift; path = WeatherViewController.swift; sourceTree = "<group>"; };
		8FE2775D26E125EB004877D2 /* Weather.swift */ = {isa = PBXFileReference; lastKnownFileType = sourcecode.swift; path = Weather.swift; sourceTree = "<group>"; };
		8FE2775F26E12600004877D2 /* WeatherService.swift */ = {isa = PBXFileReference; lastKnownFileType = sourcecode.swift; path = WeatherService.swift; sourceTree = "<group>"; };
/* End PBXFileReference section */

/* Begin PBXFrameworksBuildPhase section */
		8F92020726987AEF002D7E88 /* Frameworks */ = {
			isa = PBXFrameworksBuildPhase;
			buildActionMask = 2147483647;
			files = (
			);
			runOnlyForDeploymentPostprocessing = 0;
		};
		8F94EB1426E2162B0073ED0A /* Frameworks */ = {
			isa = PBXFrameworksBuildPhase;
			buildActionMask = 2147483647;
			files = (
			);
			runOnlyForDeploymentPostprocessing = 0;
		};
/* End PBXFrameworksBuildPhase section */

/* Begin PBXGroup section */
		8F2C454326EB4A2D008D4680 /* Helpers */ = {
			isa = PBXGroup;
			children = (
				8F2C454426EB4A5F008D4680 /* URLProtocolFake.swift */,
				8F2C454626EB4AD9008D4680 /* FakeResponseData.swift */,
				8F2C454826EB4BF1008D4680 /* fixer.json */,
				8F78074F26EB7F6C00F14893 /* translate.json */,
				070ECB9426EBBDC4008CCA64 /* weather.json */,
				8F4DA1F126FCD82700F62138 /* UrlServiceFake.swift */,
			);
			path = Helpers;
			sourceTree = "<group>";
		};
		8F92020126987AEF002D7E88 = {
			isa = PBXGroup;
			children = (
				8F92020C26987AEF002D7E88 /* LeBaluchon */,
				8FA9316B26BBE5ED002149A0 /* Extension */,
				8F94EB1826E2162B0073ED0A /* LeBaluchonTests */,
				8F92020B26987AEF002D7E88 /* Products */,
			);
			sourceTree = "<group>";
		};
		8F92020B26987AEF002D7E88 /* Products */ = {
			isa = PBXGroup;
			children = (
				8F92020A26987AEF002D7E88 /* LeBaluchon.app */,
				8F94EB1726E2162B0073ED0A /* LeBaluchonTests.xctest */,
			);
			name = Products;
			sourceTree = "<group>";
		};
		8F92020C26987AEF002D7E88 /* LeBaluchon */ = {
			isa = PBXGroup;
			children = (
				8F92021B26987AF2002D7E88 /* Info.plist */,
				8FAA71EE26AAB42B0059693E /* client_863121975061-lh978fe0m7ejtmdktrfikq2280ci73br.apps.googleusercontent.com.plist */,
				8F92024226989459002D7E88 /* Supporting files */,
				8F92023D2698907A002D7E88 /* Model */,
				8F92023E269890D5002D7E88 /* View */,
				8F92023F2698910E002D7E88 /* Controller */,
			);
			path = LeBaluchon;
			sourceTree = "<group>";
		};
		8F92023D2698907A002D7E88 /* Model */ = {
			isa = PBXGroup;
			children = (
				8FCC2C0526D8C51C00B06370 /* Support Model */,
				8FCC2C0426D8C50200B06370 /* Converter */,
				8FCC2C0626D8C53F00B06370 /* Translate */,
				8FE2775C26E125C7004877D2 /* Weather */,
			);
			path = Model;
			sourceTree = "<group>";
		};
		8F92023E269890D5002D7E88 /* View */ = {
			isa = PBXGroup;
			children = (
				8F92021326987AEF002D7E88 /* Main.storyboard */,
				8F92024E269E03D7002D7E88 /* CustomButton.swift */,
			);
			path = View;
			sourceTree = "<group>";
		};
		8F92023F2698910E002D7E88 /* Controller */ = {
			isa = PBXGroup;
			children = (
				8F9202402698915C002D7E88 /* ConvertViewController.swift */,
				8F920247269E01EA002D7E88 /* TranslateViewController.swift */,
				8FE2775A26E12169004877D2 /* WeatherViewController.swift */,
			);
			path = Controller;
			sourceTree = "<group>";
		};
		8F92024226989459002D7E88 /* Supporting files */ = {
			isa = PBXGroup;
			children = (
				8F92020D26987AEF002D7E88 /* AppDelegate.swift */,
				8F92020F26987AEF002D7E88 /* SceneDelegate.swift */,
				8F92021626987AF2002D7E88 /* Assets.xcassets */,
				8F92021826987AF2002D7E88 /* LaunchScreen.storyboard */,
			);
			path = "Supporting files";
			sourceTree = "<group>";
		};
		8F94EB1826E2162B0073ED0A /* LeBaluchonTests */ = {
			isa = PBXGroup;
			children = (
				8F2C454326EB4A2D008D4680 /* Helpers */,
				8FA0A16626E22A8100A262F2 /* Model */,
				8F94EB1B26E2162B0073ED0A /* Info.plist */,
			);
			path = LeBaluchonTests;
			sourceTree = "<group>";
		};
		8FA0A16626E22A8100A262F2 /* Model */ = {
			isa = PBXGroup;
			children = (
				8F4DA1EF26FCD03F00F62138 /* URLEncodableTest.swift */,
				8FA0A16A26E25AF300A262F2 /* Converter */,
				8FA0A16E26E27DF400A262F2 /* Translate */,
				8FA0A16726E22AD600A262F2 /* Weather */,
			);
			path = Model;
			sourceTree = "<group>";
		};
		8FA0A16726E22AD600A262F2 /* Weather */ = {
			isa = PBXGroup;
			children = (
				8F94EB2126E2164E0073ED0A /* WeatherTestCase.swift */,
				8FA0A16826E2312500A262F2 /* WeatherServiceTestCase.swift */,
			);
			path = Weather;
			sourceTree = "<group>";
		};
		8FA0A16A26E25AF300A262F2 /* Converter */ = {
			isa = PBXGroup;
			children = (
				8FA0A16C26E25B2E00A262F2 /* ConverterTestCase.swift */,
				8F2C454C26EB4DE4008D4680 /* FixerServiceTests.swift */,
			);
			path = Converter;
			sourceTree = "<group>";
		};
		8FA0A16E26E27DF400A262F2 /* Translate */ = {
			isa = PBXGroup;
			children = (
				8FA0A16F26E27E1800A262F2 /* TranslatertestCase.swift */,
				8F78075126EB800200F14893 /* TranslateServiceTests.swift */,
			);
			path = Translate;
			sourceTree = "<group>";
		};
		8FA9316B26BBE5ED002149A0 /* Extension */ = {
			isa = PBXGroup;
			children = (
				8FA9316C26BBE62F002149A0 /* URLSession+GenericCall.swift */,
				8FA0A16426E2188B00A262F2 /* String+Utilities.swift */,
			);
			path = Extension;
			sourceTree = "<group>";
		};
		8FCC2C0426D8C50200B06370 /* Converter */ = {
			isa = PBXGroup;
			children = (
				8F92024326989BB3002D7E88 /* Converter.swift */,
				56A3587B26A186B80062FF6A /* FixerService.swift */,
			);
			path = Converter;
			sourceTree = "<group>";
		};
		8FCC2C0526D8C51C00B06370 /* Support Model */ = {
			isa = PBXGroup;
			children = (
				8F9202452698B801002D7E88 /* APIResponse.swift */,
				8FA9316326B40ED3002149A0 /* NetworkError.swift */,
				8FA9316726BBD265002149A0 /* NetworkLogger.swift */,
				8FA9316926BBD2AA002149A0 /* URLEncodable.swift */,
			);
			path = "Support Model";
			sourceTree = "<group>";
		};
		8FCC2C0626D8C53F00B06370 /* Translate */ = {
			isa = PBXGroup;
			children = (
				8FCC2C0226D8B77500B06370 /* TranslateService.swift */,
				8FCC2C0726D8C7D700B06370 /* Translater.swift */,
			);
			path = Translate;
			sourceTree = "<group>";
		};
		8FE2775C26E125C7004877D2 /* Weather */ = {
			isa = PBXGroup;
			children = (
				8FE2775D26E125EB004877D2 /* Weather.swift */,
				8FE2775F26E12600004877D2 /* WeatherService.swift */,
			);
			path = Weather;
			sourceTree = "<group>";
		};
/* End PBXGroup section */

/* Begin PBXNativeTarget section */
		8F92020926987AEF002D7E88 /* LeBaluchon */ = {
			isa = PBXNativeTarget;
			buildConfigurationList = 8F92023426987AF3002D7E88 /* Build configuration list for PBXNativeTarget "LeBaluchon" */;
			buildPhases = (
				8F92020626987AEF002D7E88 /* Sources */,
				8F92020726987AEF002D7E88 /* Frameworks */,
				8F92020826987AEF002D7E88 /* Resources */,
			);
			buildRules = (
			);
			dependencies = (
			);
			name = LeBaluchon;
			productName = LeBaluchon;
			productReference = 8F92020A26987AEF002D7E88 /* LeBaluchon.app */;
			productType = "com.apple.product-type.application";
		};
		8F94EB1626E2162B0073ED0A /* LeBaluchonTests */ = {
			isa = PBXNativeTarget;
			buildConfigurationList = 8F94EB1E26E2162B0073ED0A /* Build configuration list for PBXNativeTarget "LeBaluchonTests" */;
			buildPhases = (
				8F94EB1326E2162B0073ED0A /* Sources */,
				8F94EB1426E2162B0073ED0A /* Frameworks */,
				8F94EB1526E2162B0073ED0A /* Resources */,
			);
			buildRules = (
			);
			dependencies = (
				8F94EB1D26E2162B0073ED0A /* PBXTargetDependency */,
			);
			name = LeBaluchonTests;
			productName = LeBaluchonTests;
			productReference = 8F94EB1726E2162B0073ED0A /* LeBaluchonTests.xctest */;
			productType = "com.apple.product-type.bundle.unit-test";
		};
/* End PBXNativeTarget section */

/* Begin PBXProject section */
		8F92020226987AEF002D7E88 /* Project object */ = {
			isa = PBXProject;
			attributes = {
				LastSwiftUpdateCheck = 1250;
				LastUpgradeCheck = 1300;
				TargetAttributes = {
					8F92020926987AEF002D7E88 = {
						CreatedOnToolsVersion = 12.5.1;
					};
					8F94EB1626E2162B0073ED0A = {
						CreatedOnToolsVersion = 12.5.1;
						LastSwiftMigration = 1250;
						TestTargetID = 8F92020926987AEF002D7E88;
					};
				};
			};
			buildConfigurationList = 8F92020526987AEF002D7E88 /* Build configuration list for PBXProject "LeBaluchon" */;
			compatibilityVersion = "Xcode 9.3";
			developmentRegion = en;
			hasScannedForEncodings = 0;
			knownRegions = (
				en,
				Base,
			);
			mainGroup = 8F92020126987AEF002D7E88;
			productRefGroup = 8F92020B26987AEF002D7E88 /* Products */;
			projectDirPath = "";
			projectRoot = "";
			targets = (
				8F92020926987AEF002D7E88 /* LeBaluchon */,
				8F94EB1626E2162B0073ED0A /* LeBaluchonTests */,
			);
		};
/* End PBXProject section */

/* Begin PBXResourcesBuildPhase section */
		8F92020826987AEF002D7E88 /* Resources */ = {
			isa = PBXResourcesBuildPhase;
			buildActionMask = 2147483647;
			files = (
				8FAA71EF26AAB42B0059693E /* client_863121975061-lh978fe0m7ejtmdktrfikq2280ci73br.apps.googleusercontent.com.plist in Resources */,
				8F92021A26987AF2002D7E88 /* LaunchScreen.storyboard in Resources */,
				8F92021726987AF2002D7E88 /* Assets.xcassets in Resources */,
				8F92021526987AEF002D7E88 /* Main.storyboard in Resources */,
			);
			runOnlyForDeploymentPostprocessing = 0;
		};
		8F94EB1526E2162B0073ED0A /* Resources */ = {
			isa = PBXResourcesBuildPhase;
			buildActionMask = 2147483647;
			files = (
				8F78075026EB7F6C00F14893 /* translate.json in Resources */,
				8F2C454926EB4BF1008D4680 /* fixer.json in Resources */,
				070ECB9526EBBDC4008CCA64 /* weather.json in Resources */,
			);
			runOnlyForDeploymentPostprocessing = 0;
		};
/* End PBXResourcesBuildPhase section */

/* Begin PBXSourcesBuildPhase section */
		8F92020626987AEF002D7E88 /* Sources */ = {
			isa = PBXSourcesBuildPhase;
			buildActionMask = 2147483647;
			files = (
				8FA9316D26BBE62F002149A0 /* URLSession+GenericCall.swift in Sources */,
				8F92020E26987AEF002D7E88 /* AppDelegate.swift in Sources */,
				8F92021026987AEF002D7E88 /* SceneDelegate.swift in Sources */,
				56A3587C26A186B80062FF6A /* FixerService.swift in Sources */,
				8F92024426989BB3002D7E88 /* Converter.swift in Sources */,
				8F9202462698B801002D7E88 /* APIResponse.swift in Sources */,
				8F92024F269E03D7002D7E88 /* CustomButton.swift in Sources */,
				8FA0A16526E2188B00A262F2 /* String+Utilities.swift in Sources */,
				8F9202412698915C002D7E88 /* ConvertViewController.swift in Sources */,
				8FE2775E26E125EB004877D2 /* Weather.swift in Sources */,
				8FCC2C0326D8B77500B06370 /* TranslateService.swift in Sources */,
				8F920248269E01EA002D7E88 /* TranslateViewController.swift in Sources */,
				8FCC2C0826D8C7D700B06370 /* Translater.swift in Sources */,
				8FE2776026E12600004877D2 /* WeatherService.swift in Sources */,
				8FA9316A26BBD2AA002149A0 /* URLEncodable.swift in Sources */,
				8FA9316426B40ED3002149A0 /* NetworkError.swift in Sources */,
				8FA9316826BBD265002149A0 /* NetworkLogger.swift in Sources */,
				8FE2775B26E12169004877D2 /* WeatherViewController.swift in Sources */,
			);
			runOnlyForDeploymentPostprocessing = 0;
		};
		8F94EB1326E2162B0073ED0A /* Sources */ = {
			isa = PBXSourcesBuildPhase;
			buildActionMask = 2147483647;
			files = (
				8F2C454726EB4AD9008D4680 /* FakeResponseData.swift in Sources */,
				8FA0A16926E2312500A262F2 /* WeatherServiceTestCase.swift in Sources */,
				8F94EB2226E2164E0073ED0A /* WeatherTestCase.swift in Sources */,
				8FA0A16D26E25B2E00A262F2 /* ConverterTestCase.swift in Sources */,
				8F78075226EB800200F14893 /* TranslateServiceTests.swift in Sources */,
				8F4DA1F026FCD04000F62138 /* URLEncodableTest.swift in Sources */,
				8F4DA1F226FCD82700F62138 /* UrlServiceFake.swift in Sources */,
				8F2C454526EB4A5F008D4680 /* URLProtocolFake.swift in Sources */,
				8FA0A17026E27E1800A262F2 /* TranslatertestCase.swift in Sources */,
				8F2C454D26EB4DE5008D4680 /* FixerServiceTests.swift in Sources */,
			);
			runOnlyForDeploymentPostprocessing = 0;
		};
/* End PBXSourcesBuildPhase section */

/* Begin PBXTargetDependency section */
		8F94EB1D26E2162B0073ED0A /* PBXTargetDependency */ = {
			isa = PBXTargetDependency;
			target = 8F92020926987AEF002D7E88 /* LeBaluchon */;
			targetProxy = 8F94EB1C26E2162B0073ED0A /* PBXContainerItemProxy */;
		};
/* End PBXTargetDependency section */

/* Begin PBXVariantGroup section */
		8F92021326987AEF002D7E88 /* Main.storyboard */ = {
			isa = PBXVariantGroup;
			children = (
				8F92021426987AEF002D7E88 /* Base */,
			);
			name = Main.storyboard;
			sourceTree = "<group>";
		};
		8F92021826987AF2002D7E88 /* LaunchScreen.storyboard */ = {
			isa = PBXVariantGroup;
			children = (
				8F92021926987AF2002D7E88 /* Base */,
			);
			name = LaunchScreen.storyboard;
			sourceTree = "<group>";
		};
/* End PBXVariantGroup section */

/* Begin XCBuildConfiguration section */
		8F92023226987AF3002D7E88 /* Debug */ = {
			isa = XCBuildConfiguration;
			buildSettings = {
				ALWAYS_SEARCH_USER_PATHS = NO;
				CLANG_ANALYZER_NONNULL = YES;
				CLANG_ANALYZER_NUMBER_OBJECT_CONVERSION = YES_AGGRESSIVE;
				CLANG_CXX_LANGUAGE_STANDARD = "gnu++14";
				CLANG_CXX_LIBRARY = "libc++";
				CLANG_ENABLE_MODULES = YES;
				CLANG_ENABLE_OBJC_ARC = YES;
				CLANG_ENABLE_OBJC_WEAK = YES;
				CLANG_WARN_BLOCK_CAPTURE_AUTORELEASING = YES;
				CLANG_WARN_BOOL_CONVERSION = YES;
				CLANG_WARN_COMMA = YES;
				CLANG_WARN_CONSTANT_CONVERSION = YES;
				CLANG_WARN_DEPRECATED_OBJC_IMPLEMENTATIONS = YES;
				CLANG_WARN_DIRECT_OBJC_ISA_USAGE = YES_ERROR;
				CLANG_WARN_DOCUMENTATION_COMMENTS = YES;
				CLANG_WARN_EMPTY_BODY = YES;
				CLANG_WARN_ENUM_CONVERSION = YES;
				CLANG_WARN_INFINITE_RECURSION = YES;
				CLANG_WARN_INT_CONVERSION = YES;
				CLANG_WARN_NON_LITERAL_NULL_CONVERSION = YES;
				CLANG_WARN_OBJC_IMPLICIT_RETAIN_SELF = YES;
				CLANG_WARN_OBJC_LITERAL_CONVERSION = YES;
				CLANG_WARN_OBJC_ROOT_CLASS = YES_ERROR;
				CLANG_WARN_QUOTED_INCLUDE_IN_FRAMEWORK_HEADER = YES;
				CLANG_WARN_RANGE_LOOP_ANALYSIS = YES;
				CLANG_WARN_STRICT_PROTOTYPES = YES;
				CLANG_WARN_SUSPICIOUS_MOVE = YES;
				CLANG_WARN_UNGUARDED_AVAILABILITY = YES_AGGRESSIVE;
				CLANG_WARN_UNREACHABLE_CODE = YES;
				CLANG_WARN__DUPLICATE_METHOD_MATCH = YES;
				COPY_PHASE_STRIP = NO;
				DEBUG_INFORMATION_FORMAT = dwarf;
				ENABLE_STRICT_OBJC_MSGSEND = YES;
				ENABLE_TESTABILITY = YES;
				GCC_C_LANGUAGE_STANDARD = gnu11;
				GCC_DYNAMIC_NO_PIC = NO;
				GCC_NO_COMMON_BLOCKS = YES;
				GCC_OPTIMIZATION_LEVEL = 0;
				GCC_PREPROCESSOR_DEFINITIONS = (
					"DEBUG=1",
					"$(inherited)",
				);
				GCC_WARN_64_TO_32_BIT_CONVERSION = YES;
				GCC_WARN_ABOUT_RETURN_TYPE = YES_ERROR;
				GCC_WARN_UNDECLARED_SELECTOR = YES;
				GCC_WARN_UNINITIALIZED_AUTOS = YES_AGGRESSIVE;
				GCC_WARN_UNUSED_FUNCTION = YES;
				GCC_WARN_UNUSED_VARIABLE = YES;
				IPHONEOS_DEPLOYMENT_TARGET = 12.0;
				MTL_ENABLE_DEBUG_INFO = INCLUDE_SOURCE;
				MTL_FAST_MATH = YES;
				ONLY_ACTIVE_ARCH = YES;
				SDKROOT = iphoneos;
				SWIFT_ACTIVE_COMPILATION_CONDITIONS = DEBUG;
				SWIFT_OPTIMIZATION_LEVEL = "-Onone";
			};
			name = Debug;
		};
		8F92023326987AF3002D7E88 /* Release */ = {
			isa = XCBuildConfiguration;
			buildSettings = {
				ALWAYS_SEARCH_USER_PATHS = NO;
				CLANG_ANALYZER_NONNULL = YES;
				CLANG_ANALYZER_NUMBER_OBJECT_CONVERSION = YES_AGGRESSIVE;
				CLANG_CXX_LANGUAGE_STANDARD = "gnu++14";
				CLANG_CXX_LIBRARY = "libc++";
				CLANG_ENABLE_MODULES = YES;
				CLANG_ENABLE_OBJC_ARC = YES;
				CLANG_ENABLE_OBJC_WEAK = YES;
				CLANG_WARN_BLOCK_CAPTURE_AUTORELEASING = YES;
				CLANG_WARN_BOOL_CONVERSION = YES;
				CLANG_WARN_COMMA = YES;
				CLANG_WARN_CONSTANT_CONVERSION = YES;
				CLANG_WARN_DEPRECATED_OBJC_IMPLEMENTATIONS = YES;
				CLANG_WARN_DIRECT_OBJC_ISA_USAGE = YES_ERROR;
				CLANG_WARN_DOCUMENTATION_COMMENTS = YES;
				CLANG_WARN_EMPTY_BODY = YES;
				CLANG_WARN_ENUM_CONVERSION = YES;
				CLANG_WARN_INFINITE_RECURSION = YES;
				CLANG_WARN_INT_CONVERSION = YES;
				CLANG_WARN_NON_LITERAL_NULL_CONVERSION = YES;
				CLANG_WARN_OBJC_IMPLICIT_RETAIN_SELF = YES;
				CLANG_WARN_OBJC_LITERAL_CONVERSION = YES;
				CLANG_WARN_OBJC_ROOT_CLASS = YES_ERROR;
				CLANG_WARN_QUOTED_INCLUDE_IN_FRAMEWORK_HEADER = YES;
				CLANG_WARN_RANGE_LOOP_ANALYSIS = YES;
				CLANG_WARN_STRICT_PROTOTYPES = YES;
				CLANG_WARN_SUSPICIOUS_MOVE = YES;
				CLANG_WARN_UNGUARDED_AVAILABILITY = YES_AGGRESSIVE;
				CLANG_WARN_UNREACHABLE_CODE = YES;
				CLANG_WARN__DUPLICATE_METHOD_MATCH = YES;
				COPY_PHASE_STRIP = NO;
				DEBUG_INFORMATION_FORMAT = "dwarf-with-dsym";
				ENABLE_NS_ASSERTIONS = NO;
				ENABLE_STRICT_OBJC_MSGSEND = YES;
				GCC_C_LANGUAGE_STANDARD = gnu11;
				GCC_NO_COMMON_BLOCKS = YES;
				GCC_WARN_64_TO_32_BIT_CONVERSION = YES;
				GCC_WARN_ABOUT_RETURN_TYPE = YES_ERROR;
				GCC_WARN_UNDECLARED_SELECTOR = YES;
				GCC_WARN_UNINITIALIZED_AUTOS = YES_AGGRESSIVE;
				GCC_WARN_UNUSED_FUNCTION = YES;
				GCC_WARN_UNUSED_VARIABLE = YES;
				IPHONEOS_DEPLOYMENT_TARGET = 12.0;
				MTL_ENABLE_DEBUG_INFO = NO;
				MTL_FAST_MATH = YES;
				SDKROOT = iphoneos;
				SWIFT_COMPILATION_MODE = wholemodule;
				SWIFT_OPTIMIZATION_LEVEL = "-O";
				VALIDATE_PRODUCT = YES;
			};
			name = Release;
		};
		8F92023526987AF3002D7E88 /* Debug */ = {
			isa = XCBuildConfiguration;
			buildSettings = {
				ASSETCATALOG_COMPILER_APPICON_NAME = AppIcon;
				ASSETCATALOG_COMPILER_GLOBAL_ACCENT_COLOR_NAME = AccentColor;
				CODE_SIGN_STYLE = Automatic;
				DEVELOPMENT_TEAM = 3GJVGX425T;
				INFOPLIST_FILE = LeBaluchon/Info.plist;
				IPHONEOS_DEPLOYMENT_TARGET = 12.0;
				LD_RUNPATH_SEARCH_PATHS = (
					"$(inherited)",
					"@executable_path/Frameworks",
				);
				PRODUCT_BUNDLE_IDENTIFIER = "fr.pierre-lemere.LeBaluchon";
				PRODUCT_NAME = "$(TARGET_NAME)";
				SWIFT_VERSION = 5.0;
				TARGETED_DEVICE_FAMILY = 1;
			};
			name = Debug;
		};
		8F92023626987AF3002D7E88 /* Release */ = {
			isa = XCBuildConfiguration;
			buildSettings = {
				ASSETCATALOG_COMPILER_APPICON_NAME = AppIcon;
				ASSETCATALOG_COMPILER_GLOBAL_ACCENT_COLOR_NAME = AccentColor;
				CODE_SIGN_STYLE = Automatic;
				DEVELOPMENT_TEAM = 3GJVGX425T;
				INFOPLIST_FILE = LeBaluchon/Info.plist;
				IPHONEOS_DEPLOYMENT_TARGET = 12.0;
				LD_RUNPATH_SEARCH_PATHS = (
					"$(inherited)",
					"@executable_path/Frameworks",
				);
				PRODUCT_BUNDLE_IDENTIFIER = "fr.pierre-lemere.LeBaluchon";
				PRODUCT_NAME = "$(TARGET_NAME)";
				SWIFT_VERSION = 5.0;
				TARGETED_DEVICE_FAMILY = 1;
			};
			name = Release;
		};
		8F94EB1F26E2162B0073ED0A /* Debug */ = {
			isa = XCBuildConfiguration;
			buildSettings = {
				BUNDLE_LOADER = "$(TEST_HOST)";
				CLANG_ENABLE_MODULES = YES;
				CODE_SIGN_STYLE = Automatic;
				DEVELOPMENT_TEAM = 3GJVGX425T;
				INFOPLIST_FILE = LeBaluchonTests/Info.plist;
				IPHONEOS_DEPLOYMENT_TARGET = 14.5;
				LD_RUNPATH_SEARCH_PATHS = (
					"$(inherited)",
					"@executable_path/Frameworks",
					"@loader_path/Frameworks",
				);
				PRODUCT_BUNDLE_IDENTIFIER = "fr.pierre-lemere.LeBaluchonTests";
				PRODUCT_NAME = "$(TARGET_NAME)";
				SWIFT_OPTIMIZATION_LEVEL = "-Onone";
				SWIFT_VERSION = 5.0;
				TARGETED_DEVICE_FAMILY = "1,2";
				TEST_HOST = "$(BUILT_PRODUCTS_DIR)/LeBaluchon.app/LeBaluchon";
			};
			name = Debug;
		};
		8F94EB2026E2162B0073ED0A /* Release */ = {
			isa = XCBuildConfiguration;
			buildSettings = {
				BUNDLE_LOADER = "$(TEST_HOST)";
				CLANG_ENABLE_MODULES = YES;
				CODE_SIGN_STYLE = Automatic;
				DEVELOPMENT_TEAM = 3GJVGX425T;
				INFOPLIST_FILE = LeBaluchonTests/Info.plist;
				IPHONEOS_DEPLOYMENT_TARGET = 14.5;
				LD_RUNPATH_SEARCH_PATHS = (
					"$(inherited)",
					"@executable_path/Frameworks",
					"@loader_path/Frameworks",
				);
				PRODUCT_BUNDLE_IDENTIFIER = "fr.pierre-lemere.LeBaluchonTests";
				PRODUCT_NAME = "$(TARGET_NAME)";
				SWIFT_VERSION = 5.0;
				TARGETED_DEVICE_FAMILY = "1,2";
				TEST_HOST = "$(BUILT_PRODUCTS_DIR)/LeBaluchon.app/LeBaluchon";
			};
			name = Release;
		};
/* End XCBuildConfiguration section */

/* Begin XCConfigurationList section */
		8F92020526987AEF002D7E88 /* Build configuration list for PBXProject "LeBaluchon" */ = {
			isa = XCConfigurationList;
			buildConfigurations = (
				8F92023226987AF3002D7E88 /* Debug */,
				8F92023326987AF3002D7E88 /* Release */,
			);
			defaultConfigurationIsVisible = 0;
			defaultConfigurationName = Release;
		};
		8F92023426987AF3002D7E88 /* Build configuration list for PBXNativeTarget "LeBaluchon" */ = {
			isa = XCConfigurationList;
			buildConfigurations = (
				8F92023526987AF3002D7E88 /* Debug */,
				8F92023626987AF3002D7E88 /* Release */,
			);
			defaultConfigurationIsVisible = 0;
			defaultConfigurationName = Release;
		};
		8F94EB1E26E2162B0073ED0A /* Build configuration list for PBXNativeTarget "LeBaluchonTests" */ = {
			isa = XCConfigurationList;
			buildConfigurations = (
				8F94EB1F26E2162B0073ED0A /* Debug */,
				8F94EB2026E2162B0073ED0A /* Release */,
			);
			defaultConfigurationIsVisible = 0;
			defaultConfigurationName = Release;
		};
/* End XCConfigurationList section */
	};
	rootObject = 8F92020226987AEF002D7E88 /* Project object */;
}
